
Microsoft Visual Studio Solution File, Format Version 12.00
# Visual Studio Version 16
VisualStudioVersion = 16.0.32106.194
MinimumVisualStudioVersion = 10.0.40219.1
Project("{FAE04EC0-301F-11D3-BF4B-00C04F79EFBC}") = "Class and Interface", "Class and Interface.csproj", "{3BF78F8F-84B5-4231-8EA0-0E81DA582736}"
EndProject
Global
	GlobalSection(SolutionConfigurationPlatforms) = preSolution
		Debug|Any CPU = Debug|Any CPU
		Release|Any CPU = Release|Any CPU
	EndGlobalSection
	GlobalSection(ProjectConfigurationPlatforms) = postSolution
		{3BF78F8F-84B5-4231-8EA0-0E81DA582736}.Debug|Any CPU.ActiveCfg = Debug|Any CPU
		{3BF78F8F-84B5-4231-8EA0-0E81DA582736}.Debug|Any CPU.Build.0 = Debug|Any CPU
		{3BF78F8F-84B5-4231-8EA0-0E81DA582736}.Release|Any CPU.ActiveCfg = Release|Any CPU
		{3BF78F8F-84B5-4231-8EA0-0E81DA582736}.Release|Any CPU.Build.0 = Release|Any CPU
	EndGlobalSection
	GlobalSection(SolutionProperties) = preSolution
		HideSolutionNode = FALSE
	EndGlobalSection
	GlobalSection(ExtensibilityGlobals) = postSolution
		SolutionGuid = {53608BF3-3FE9-4174-A9D8-86B3BBCFDDCC}
	EndGlobalSection
EndGlobal
